// !$*UTF8*$!
{
	archiveVersion = 1;
	classes = {
	};
	objectVersion = 56;
	objects = {

/* Begin PBXBuildFile section */
		04541DF52CB3E2E700426180 /* FindDifference.swift in Sources */ = {isa = PBXBuildFile; fileRef = 04541DF42CB3E2E700426180 /* FindDifference.swift */; };
		04541DF62CB3E2E700426180 /* FindDifference.swift in Sources */ = {isa = PBXBuildFile; fileRef = 04541DF42CB3E2E700426180 /* FindDifference.swift */; };
		04541DF92CB3E30B00426180 /* FindDifferenceTests.swift in Sources */ = {isa = PBXBuildFile; fileRef = 04541DF72CB3E30B00426180 /* FindDifferenceTests.swift */; };
		04541DFB2CB3E6D700426180 /* UniqueNumberOfOccurences.swift in Sources */ = {isa = PBXBuildFile; fileRef = 04541DFA2CB3E6D700426180 /* UniqueNumberOfOccurences.swift */; };
		04541DFC2CB3E6D700426180 /* UniqueNumberOfOccurences.swift in Sources */ = {isa = PBXBuildFile; fileRef = 04541DFA2CB3E6D700426180 /* UniqueNumberOfOccurences.swift */; };
		04541DFF2CB3E6FF00426180 /* UniqueNumberOfOccurencesTests.swift in Sources */ = {isa = PBXBuildFile; fileRef = 04541DFD2CB3E6FF00426180 /* UniqueNumberOfOccurencesTests.swift */; };
		04541E022CB3EF8700426180 /* DetermineIfTwoStringsAreClose.swift in Sources */ = {isa = PBXBuildFile; fileRef = 04541E002CB3EF8700426180 /* DetermineIfTwoStringsAreClose.swift */; };
		04541E052CB3F07100426180 /* DetermineIfTwoStringsAreCloseTests.swift in Sources */ = {isa = PBXBuildFile; fileRef = 04541E032CB3F07100426180 /* DetermineIfTwoStringsAreCloseTests.swift */; };
		04541E062CB3F64A00426180 /* main.swift in Sources */ = {isa = PBXBuildFile; fileRef = 04E8BFDE2CB2791B00E58205 /* main.swift */; };
		04541E072CB3F64E00426180 /* DetermineIfTwoStringsAreClose.swift in Sources */ = {isa = PBXBuildFile; fileRef = 04541E002CB3EF8700426180 /* DetermineIfTwoStringsAreClose.swift */; };
		04541E092CB4088000426180 /* MaxConsecutiveOnes.swift in Sources */ = {isa = PBXBuildFile; fileRef = 04541E082CB4088000426180 /* MaxConsecutiveOnes.swift */; };
		04541E0A2CB4088000426180 /* MaxConsecutiveOnes.swift in Sources */ = {isa = PBXBuildFile; fileRef = 04541E082CB4088000426180 /* MaxConsecutiveOnes.swift */; };
		04541E0D2CB4090700426180 /* MaxConsecutiveOnesTests.swift in Sources */ = {isa = PBXBuildFile; fileRef = 04541E0B2CB4090700426180 /* MaxConsecutiveOnesTests.swift */; };
		04541E0F2CB40AE800426180 /* FindNumbersWithEvenNumberOfDigits.swift in Sources */ = {isa = PBXBuildFile; fileRef = 04541E0E2CB40AE800426180 /* FindNumbersWithEvenNumberOfDigits.swift */; };
		04541E102CB40AE800426180 /* FindNumbersWithEvenNumberOfDigits.swift in Sources */ = {isa = PBXBuildFile; fileRef = 04541E0E2CB40AE800426180 /* FindNumbersWithEvenNumberOfDigits.swift */; };
		04541E122CB40AF000426180 /* FindNumbersWithEvenNumberOfDigitsTests.swift in Sources */ = {isa = PBXBuildFile; fileRef = 04541E112CB40AF000426180 /* FindNumbersWithEvenNumberOfDigitsTests.swift */; };
		04541E142CB40BF500426180 /* AddDigits.swift in Sources */ = {isa = PBXBuildFile; fileRef = 04541E132CB40BF500426180 /* AddDigits.swift */; };
		04541E152CB40BF500426180 /* AddDigits.swift in Sources */ = {isa = PBXBuildFile; fileRef = 04541E132CB40BF500426180 /* AddDigits.swift */; };
		04541E182CB40BFB00426180 /* AddDigitsTests.swift in Sources */ = {isa = PBXBuildFile; fileRef = 04541E162CB40BFB00426180 /* AddDigitsTests.swift */; };
		04541E1A2CB4101D00426180 /* MergeStringsAlternately.swift in Sources */ = {isa = PBXBuildFile; fileRef = 04541E192CB4101D00426180 /* MergeStringsAlternately.swift */; };
		04541E1B2CB4101D00426180 /* MergeStringsAlternately.swift in Sources */ = {isa = PBXBuildFile; fileRef = 04541E192CB4101D00426180 /* MergeStringsAlternately.swift */; };
		04541E1D2CB4102A00426180 /* MergeStringsAlternatelyTests.swift in Sources */ = {isa = PBXBuildFile; fileRef = 04541E1C2CB4102A00426180 /* MergeStringsAlternatelyTests.swift */; };
		04541E1F2CB4149600426180 /* CheckIfTheSentenceIsPangram.swift in Sources */ = {isa = PBXBuildFile; fileRef = 04541E1E2CB4149600426180 /* CheckIfTheSentenceIsPangram.swift */; };
		04541E212CB414A900426180 /* CheckIfTheSentenceIsPangramTests.swift in Sources */ = {isa = PBXBuildFile; fileRef = 04541E202CB414A900426180 /* CheckIfTheSentenceIsPangramTests.swift */; };
		04541E222CB4152D00426180 /* CheckIfTheSentenceIsPangram.swift in Sources */ = {isa = PBXBuildFile; fileRef = 04541E1E2CB4149600426180 /* CheckIfTheSentenceIsPangram.swift */; };
		04541E242CB4169D00426180 /* MinimumNumberGame.swift in Sources */ = {isa = PBXBuildFile; fileRef = 04541E232CB4169D00426180 /* MinimumNumberGame.swift */; };
		04541E262CB416A900426180 /* MinimumNumberGameTests.swift in Sources */ = {isa = PBXBuildFile; fileRef = 04541E252CB416A900426180 /* MinimumNumberGameTests.swift */; };
		04541E272CB416AB00426180 /* MinimumNumberGame.swift in Sources */ = {isa = PBXBuildFile; fileRef = 04541E232CB4169D00426180 /* MinimumNumberGame.swift */; };
		04541E292CB428D700426180 /* EqualRowAndColumnPairs.swift in Sources */ = {isa = PBXBuildFile; fileRef = 04541E282CB428D700426180 /* EqualRowAndColumnPairs.swift */; };
		04541E2A2CB428D700426180 /* EqualRowAndColumnPairs.swift in Sources */ = {isa = PBXBuildFile; fileRef = 04541E282CB428D700426180 /* EqualRowAndColumnPairs.swift */; };
		04541E2D2CB428DE00426180 /* EqualRowAndColumnPairsTests.swift in Sources */ = {isa = PBXBuildFile; fileRef = 04541E2B2CB428DE00426180 /* EqualRowAndColumnPairsTests.swift */; };
		04A7815B2CB27B3A00A42023 /* ReverseVowels.swift in Sources */ = {isa = PBXBuildFile; fileRef = 04A7815A2CB27B3A00A42023 /* ReverseVowels.swift */; };
		04A7815D2CB27B6A00A42023 /* ReverseVowelsTests.swift in Sources */ = {isa = PBXBuildFile; fileRef = 04A7815C2CB27B6A00A42023 /* ReverseVowelsTests.swift */; };
		04A7815F2CB27B8200A42023 /* ReverseVowels.swift in Sources */ = {isa = PBXBuildFile; fileRef = 04A7815A2CB27B3A00A42023 /* ReverseVowels.swift */; };
		04A781612CB29DA400A42023 /* ProductExceptSelf.swift in Sources */ = {isa = PBXBuildFile; fileRef = 04A781602CB29DA400A42023 /* ProductExceptSelf.swift */; };
		04A781622CB29DAA00A42023 /* ProductExceptSelf.swift in Sources */ = {isa = PBXBuildFile; fileRef = 04A781602CB29DA400A42023 /* ProductExceptSelf.swift */; };
		04A781642CB29DEC00A42023 /* ProductExceptSelfTests.swift in Sources */ = {isa = PBXBuildFile; fileRef = 04A781632CB29DEC00A42023 /* ProductExceptSelfTests.swift */; };
		04A781662CB29FD000A42023 /* IncreasingTriplet.swift in Sources */ = {isa = PBXBuildFile; fileRef = 04A781652CB29FD000A42023 /* IncreasingTriplet.swift */; };
		04A7816A2CB2D40700A42023 /* IncreasingTripletTests.swift in Sources */ = {isa = PBXBuildFile; fileRef = 04A781672CB2D3A200A42023 /* IncreasingTripletTests.swift */; };
		04A7816B2CB2D40C00A42023 /* IncreasingTriplet.swift in Sources */ = {isa = PBXBuildFile; fileRef = 04A781652CB29FD000A42023 /* IncreasingTriplet.swift */; };
		04A7816D2CB3032F00A42023 /* NumberOfLines.swift in Sources */ = {isa = PBXBuildFile; fileRef = 04A7816C2CB3032F00A42023 /* NumberOfLines.swift */; };
		04A7816E2CB3033200A42023 /* NumberOfLines.swift in Sources */ = {isa = PBXBuildFile; fileRef = 04A7816C2CB3032F00A42023 /* NumberOfLines.swift */; };
		04A781702CB3036800A42023 /* NumberOfLinesTests.swift in Sources */ = {isa = PBXBuildFile; fileRef = 04A7816F2CB3036800A42023 /* NumberOfLinesTests.swift */; };
		04A781722CB3047A00A42023 /* PlusOne.swift in Sources */ = {isa = PBXBuildFile; fileRef = 04A781712CB3047A00A42023 /* PlusOne.swift */; };
		04A781732CB3048000A42023 /* PlusOne.swift in Sources */ = {isa = PBXBuildFile; fileRef = 04A781712CB3047A00A42023 /* PlusOne.swift */; };
		04A781752CB304A800A42023 /* PlusOneTests.swift in Sources */ = {isa = PBXBuildFile; fileRef = 04A781742CB304A800A42023 /* PlusOneTests.swift */; };
		04A781772CB3062B00A42023 /* SearchInsertPosition.swift in Sources */ = {isa = PBXBuildFile; fileRef = 04A781762CB3062B00A42023 /* SearchInsertPosition.swift */; };
		04A781782CB3062D00A42023 /* SearchInsertPosition.swift in Sources */ = {isa = PBXBuildFile; fileRef = 04A781762CB3062B00A42023 /* SearchInsertPosition.swift */; };
		04A7817A2CB3063A00A42023 /* SearchInsertPositionTests.swift in Sources */ = {isa = PBXBuildFile; fileRef = 04A781792CB3063A00A42023 /* SearchInsertPositionTests.swift */; };
		04CE275F2CB56B6700B20026 /* MoveZeroes.swift in Sources */ = {isa = PBXBuildFile; fileRef = 04CE275E2CB56B6700B20026 /* MoveZeroes.swift */; };
		04CE27602CB56B6A00B20026 /* MoveZeroes.swift in Sources */ = {isa = PBXBuildFile; fileRef = 04CE275E2CB56B6700B20026 /* MoveZeroes.swift */; };
		04CE27622CB56C0E00B20026 /* MoveZeroesTests.swift in Sources */ = {isa = PBXBuildFile; fileRef = 04CE27612CB56C0E00B20026 /* MoveZeroesTests.swift */; };
		04CE27642CB5731A00B20026 /* IsSubsequence.swift in Sources */ = {isa = PBXBuildFile; fileRef = 04CE27632CB5731A00B20026 /* IsSubsequence.swift */; };
		04CE27652CB5731A00B20026 /* IsSubsequence.swift in Sources */ = {isa = PBXBuildFile; fileRef = 04CE27632CB5731A00B20026 /* IsSubsequence.swift */; };
		04CE27672CB5732200B20026 /* IsSubsequenceTests.swift in Sources */ = {isa = PBXBuildFile; fileRef = 04CE27662CB5732200B20026 /* IsSubsequenceTests.swift */; };
		04CE27692CB5809900B20026 /* ContainerWithMostWater.swift in Sources */ = {isa = PBXBuildFile; fileRef = 04CE27682CB5809900B20026 /* ContainerWithMostWater.swift */; };
		04CE276A2CB5809900B20026 /* ContainerWithMostWater.swift in Sources */ = {isa = PBXBuildFile; fileRef = 04CE27682CB5809900B20026 /* ContainerWithMostWater.swift */; };
		04CE276D2CB580C400B20026 /* ContainerWithMostWaterTests.swift in Sources */ = {isa = PBXBuildFile; fileRef = 04CE276B2CB580C400B20026 /* ContainerWithMostWaterTests.swift */; };
		04CE27722CB5913C00B20026 /* CanPlaceFlowers.swift in Sources */ = {isa = PBXBuildFile; fileRef = 04CE27712CB5913C00B20026 /* CanPlaceFlowers.swift */; };
		04CE27732CB5913C00B20026 /* CanPlaceFlowers.swift in Sources */ = {isa = PBXBuildFile; fileRef = 04CE27712CB5913C00B20026 /* CanPlaceFlowers.swift */; };
		04CE27752CB591F400B20026 /* CanPlaceFlowersTests.swift in Sources */ = {isa = PBXBuildFile; fileRef = 04CE27742CB591F400B20026 /* CanPlaceFlowersTests.swift */; };
		04E8BFDF2CB2791B00E58205 /* main.swift in Sources */ = {isa = PBXBuildFile; fileRef = 04E8BFDE2CB2791B00E58205 /* main.swift */; };
		04E8C0012CB2E55700E58205 /* StringCompression.swift in Sources */ = {isa = PBXBuildFile; fileRef = 04E8C0002CB2E55700E58205 /* StringCompression.swift */; };
		04E8C0022CB2E55A00E58205 /* StringCompression.swift in Sources */ = {isa = PBXBuildFile; fileRef = 04E8C0002CB2E55700E58205 /* StringCompression.swift */; };
		04E8C0042CB2E56100E58205 /* StringCompressionTests.swift in Sources */ = {isa = PBXBuildFile; fileRef = 04E8C0032CB2E56100E58205 /* StringCompressionTests.swift */; };
/* End PBXBuildFile section */

/* Begin PBXCopyFilesBuildPhase section */
		04E8BFD92CB2791B00E58205 /* CopyFiles */ = {
			isa = PBXCopyFilesBuildPhase;
			buildActionMask = 2147483647;
			dstPath = /usr/share/man/man1/;
			dstSubfolderSpec = 0;
			files = (
			);
			runOnlyForDeploymentPostprocessing = 1;
		};
		04E8BFFC2CB27A2C00E58205 /* Embed Frameworks */ = {
			isa = PBXCopyFilesBuildPhase;
			buildActionMask = 2147483647;
			dstPath = "";
			dstSubfolderSpec = 10;
			files = (
			);
			name = "Embed Frameworks";
			runOnlyForDeploymentPostprocessing = 0;
		};
/* End PBXCopyFilesBuildPhase section */

/* Begin PBXFileReference section */
		04541DF42CB3E2E700426180 /* FindDifference.swift */ = {isa = PBXFileReference; lastKnownFileType = sourcecode.swift; path = FindDifference.swift; sourceTree = "<group>"; };
		04541DF72CB3E30B00426180 /* FindDifferenceTests.swift */ = {isa = PBXFileReference; lastKnownFileType = sourcecode.swift; path = FindDifferenceTests.swift; sourceTree = "<group>"; };
		04541DFA2CB3E6D700426180 /* UniqueNumberOfOccurences.swift */ = {isa = PBXFileReference; lastKnownFileType = sourcecode.swift; path = UniqueNumberOfOccurences.swift; sourceTree = "<group>"; };
		04541DFD2CB3E6FF00426180 /* UniqueNumberOfOccurencesTests.swift */ = {isa = PBXFileReference; lastKnownFileType = sourcecode.swift; path = UniqueNumberOfOccurencesTests.swift; sourceTree = "<group>"; };
		04541E002CB3EF8700426180 /* DetermineIfTwoStringsAreClose.swift */ = {isa = PBXFileReference; lastKnownFileType = sourcecode.swift; path = DetermineIfTwoStringsAreClose.swift; sourceTree = "<group>"; };
		04541E032CB3F07100426180 /* DetermineIfTwoStringsAreCloseTests.swift */ = {isa = PBXFileReference; lastKnownFileType = sourcecode.swift; path = DetermineIfTwoStringsAreCloseTests.swift; sourceTree = "<group>"; };
		04541E082CB4088000426180 /* MaxConsecutiveOnes.swift */ = {isa = PBXFileReference; lastKnownFileType = sourcecode.swift; path = MaxConsecutiveOnes.swift; sourceTree = "<group>"; };
		04541E0B2CB4090700426180 /* MaxConsecutiveOnesTests.swift */ = {isa = PBXFileReference; lastKnownFileType = sourcecode.swift; path = MaxConsecutiveOnesTests.swift; sourceTree = "<group>"; };
		04541E0E2CB40AE800426180 /* FindNumbersWithEvenNumberOfDigits.swift */ = {isa = PBXFileReference; lastKnownFileType = sourcecode.swift; path = FindNumbersWithEvenNumberOfDigits.swift; sourceTree = "<group>"; };
		04541E112CB40AF000426180 /* FindNumbersWithEvenNumberOfDigitsTests.swift */ = {isa = PBXFileReference; lastKnownFileType = sourcecode.swift; path = FindNumbersWithEvenNumberOfDigitsTests.swift; sourceTree = "<group>"; };
		04541E132CB40BF500426180 /* AddDigits.swift */ = {isa = PBXFileReference; lastKnownFileType = sourcecode.swift; path = AddDigits.swift; sourceTree = "<group>"; };
		04541E162CB40BFB00426180 /* AddDigitsTests.swift */ = {isa = PBXFileReference; lastKnownFileType = sourcecode.swift; path = AddDigitsTests.swift; sourceTree = "<group>"; };
		04541E192CB4101D00426180 /* MergeStringsAlternately.swift */ = {isa = PBXFileReference; lastKnownFileType = sourcecode.swift; path = MergeStringsAlternately.swift; sourceTree = "<group>"; };
		04541E1C2CB4102A00426180 /* MergeStringsAlternatelyTests.swift */ = {isa = PBXFileReference; lastKnownFileType = sourcecode.swift; path = MergeStringsAlternatelyTests.swift; sourceTree = "<group>"; };
		04541E1E2CB4149600426180 /* CheckIfTheSentenceIsPangram.swift */ = {isa = PBXFileReference; lastKnownFileType = sourcecode.swift; path = CheckIfTheSentenceIsPangram.swift; sourceTree = "<group>"; };
		04541E202CB414A900426180 /* CheckIfTheSentenceIsPangramTests.swift */ = {isa = PBXFileReference; lastKnownFileType = sourcecode.swift; path = CheckIfTheSentenceIsPangramTests.swift; sourceTree = "<group>"; };
		04541E232CB4169D00426180 /* MinimumNumberGame.swift */ = {isa = PBXFileReference; lastKnownFileType = sourcecode.swift; path = MinimumNumberGame.swift; sourceTree = "<group>"; };
		04541E252CB416A900426180 /* MinimumNumberGameTests.swift */ = {isa = PBXFileReference; lastKnownFileType = sourcecode.swift; path = MinimumNumberGameTests.swift; sourceTree = "<group>"; };
		04541E282CB428D700426180 /* EqualRowAndColumnPairs.swift */ = {isa = PBXFileReference; lastKnownFileType = sourcecode.swift; path = EqualRowAndColumnPairs.swift; sourceTree = "<group>"; };
		04541E2B2CB428DE00426180 /* EqualRowAndColumnPairsTests.swift */ = {isa = PBXFileReference; lastKnownFileType = sourcecode.swift; path = EqualRowAndColumnPairsTests.swift; sourceTree = "<group>"; };
		04A7815A2CB27B3A00A42023 /* ReverseVowels.swift */ = {isa = PBXFileReference; fileEncoding = 4; lastKnownFileType = sourcecode.swift; path = ReverseVowels.swift; sourceTree = "<group>"; };
		04A7815C2CB27B6A00A42023 /* ReverseVowelsTests.swift */ = {isa = PBXFileReference; fileEncoding = 4; lastKnownFileType = sourcecode.swift; path = ReverseVowelsTests.swift; sourceTree = "<group>"; };
		04A781602CB29DA400A42023 /* ProductExceptSelf.swift */ = {isa = PBXFileReference; lastKnownFileType = sourcecode.swift; path = ProductExceptSelf.swift; sourceTree = "<group>"; };
		04A781632CB29DEC00A42023 /* ProductExceptSelfTests.swift */ = {isa = PBXFileReference; lastKnownFileType = sourcecode.swift; path = ProductExceptSelfTests.swift; sourceTree = "<group>"; };
		04A781652CB29FD000A42023 /* IncreasingTriplet.swift */ = {isa = PBXFileReference; lastKnownFileType = sourcecode.swift; path = IncreasingTriplet.swift; sourceTree = "<group>"; };
		04A781672CB2D3A200A42023 /* IncreasingTripletTests.swift */ = {isa = PBXFileReference; lastKnownFileType = sourcecode.swift; path = IncreasingTripletTests.swift; sourceTree = "<group>"; };
		04A7816C2CB3032F00A42023 /* NumberOfLines.swift */ = {isa = PBXFileReference; lastKnownFileType = sourcecode.swift; path = NumberOfLines.swift; sourceTree = "<group>"; };
		04A7816F2CB3036800A42023 /* NumberOfLinesTests.swift */ = {isa = PBXFileReference; lastKnownFileType = sourcecode.swift; path = NumberOfLinesTests.swift; sourceTree = "<group>"; };
		04A781712CB3047A00A42023 /* PlusOne.swift */ = {isa = PBXFileReference; lastKnownFileType = sourcecode.swift; path = PlusOne.swift; sourceTree = "<group>"; };
		04A781742CB304A800A42023 /* PlusOneTests.swift */ = {isa = PBXFileReference; lastKnownFileType = sourcecode.swift; path = PlusOneTests.swift; sourceTree = "<group>"; };
		04A781762CB3062B00A42023 /* SearchInsertPosition.swift */ = {isa = PBXFileReference; lastKnownFileType = sourcecode.swift; path = SearchInsertPosition.swift; sourceTree = "<group>"; };
		04A781792CB3063A00A42023 /* SearchInsertPositionTests.swift */ = {isa = PBXFileReference; lastKnownFileType = sourcecode.swift; path = SearchInsertPositionTests.swift; sourceTree = "<group>"; };
		04CE275E2CB56B6700B20026 /* MoveZeroes.swift */ = {isa = PBXFileReference; lastKnownFileType = sourcecode.swift; path = MoveZeroes.swift; sourceTree = "<group>"; };
		04CE27612CB56C0E00B20026 /* MoveZeroesTests.swift */ = {isa = PBXFileReference; lastKnownFileType = sourcecode.swift; path = MoveZeroesTests.swift; sourceTree = "<group>"; };
		04CE27632CB5731A00B20026 /* IsSubsequence.swift */ = {isa = PBXFileReference; lastKnownFileType = sourcecode.swift; path = IsSubsequence.swift; sourceTree = "<group>"; };
		04CE27662CB5732200B20026 /* IsSubsequenceTests.swift */ = {isa = PBXFileReference; lastKnownFileType = sourcecode.swift; path = IsSubsequenceTests.swift; sourceTree = "<group>"; };
		04CE27682CB5809900B20026 /* ContainerWithMostWater.swift */ = {isa = PBXFileReference; lastKnownFileType = sourcecode.swift; path = ContainerWithMostWater.swift; sourceTree = "<group>"; };
		04CE276B2CB580C400B20026 /* ContainerWithMostWaterTests.swift */ = {isa = PBXFileReference; lastKnownFileType = sourcecode.swift; path = ContainerWithMostWaterTests.swift; sourceTree = "<group>"; };
		04CE27712CB5913C00B20026 /* CanPlaceFlowers.swift */ = {isa = PBXFileReference; lastKnownFileType = sourcecode.swift; path = CanPlaceFlowers.swift; sourceTree = "<group>"; };
		04CE27742CB591F400B20026 /* CanPlaceFlowersTests.swift */ = {isa = PBXFileReference; lastKnownFileType = sourcecode.swift; path = CanPlaceFlowersTests.swift; sourceTree = "<group>"; };
		04E8BFDB2CB2791B00E58205 /* Leetcode */ = {isa = PBXFileReference; explicitFileType = "compiled.mach-o.executable"; includeInIndex = 0; path = Leetcode; sourceTree = BUILT_PRODUCTS_DIR; };
		04E8BFDE2CB2791B00E58205 /* main.swift */ = {isa = PBXFileReference; lastKnownFileType = sourcecode.swift; path = main.swift; sourceTree = "<group>"; };
		04E8BFE92CB2793300E58205 /* LeetcodeTests.xctest */ = {isa = PBXFileReference; explicitFileType = wrapper.cfbundle; includeInIndex = 0; path = LeetcodeTests.xctest; sourceTree = BUILT_PRODUCTS_DIR; };
		04E8BFFF2CB27ADE00E58205 /* Leetcode.xctestplan */ = {isa = PBXFileReference; lastKnownFileType = text; path = Leetcode.xctestplan; sourceTree = SOURCE_ROOT; };
		04E8C0002CB2E55700E58205 /* StringCompression.swift */ = {isa = PBXFileReference; lastKnownFileType = sourcecode.swift; name = StringCompression.swift; path = ../../leetcode/Leetcode/StringCompression.swift; sourceTree = "<group>"; };
		04E8C0032CB2E56100E58205 /* StringCompressionTests.swift */ = {isa = PBXFileReference; lastKnownFileType = sourcecode.swift; name = StringCompressionTests.swift; path = ../../leetcode/LeetcodeTests/StringCompressionTests.swift; sourceTree = "<group>"; };
/* End PBXFileReference section */

/* Begin PBXFrameworksBuildPhase section */
		04E8BFD82CB2791B00E58205 /* Frameworks */ = {
			isa = PBXFrameworksBuildPhase;
			buildActionMask = 2147483647;
			files = (
			);
			runOnlyForDeploymentPostprocessing = 0;
		};
		04E8BFE62CB2793300E58205 /* Frameworks */ = {
			isa = PBXFrameworksBuildPhase;
			buildActionMask = 2147483647;
			files = (
			);
			runOnlyForDeploymentPostprocessing = 0;
		};
/* End PBXFrameworksBuildPhase section */

/* Begin PBXGroup section */
		04E8BFD22CB2791B00E58205 = {
			isa = PBXGroup;
			children = (
				04E8BFDD2CB2791B00E58205 /* Leetcode */,
				04E8BFEA2CB2793300E58205 /* LeetcodeTests */,
				04E8BFDC2CB2791B00E58205 /* Products */,
			);
			sourceTree = "<group>";
		};
		04E8BFDC2CB2791B00E58205 /* Products */ = {
			isa = PBXGroup;
			children = (
				04E8BFDB2CB2791B00E58205 /* Leetcode */,
				04E8BFE92CB2793300E58205 /* LeetcodeTests.xctest */,
			);
			name = Products;
			sourceTree = "<group>";
		};
		04E8BFDD2CB2791B00E58205 /* Leetcode */ = {
			isa = PBXGroup;
			children = (
				04E8BFDE2CB2791B00E58205 /* main.swift */,
				04CE27682CB5809900B20026 /* ContainerWithMostWater.swift */,
				04CE27632CB5731A00B20026 /* IsSubsequence.swift */,
				04CE275E2CB56B6700B20026 /* MoveZeroes.swift */,
				04541E282CB428D700426180 /* EqualRowAndColumnPairs.swift */,
				04541E1E2CB4149600426180 /* CheckIfTheSentenceIsPangram.swift */,
				04541E232CB4169D00426180 /* MinimumNumberGame.swift */,
				04541E132CB40BF500426180 /* AddDigits.swift */,
				04541E0E2CB40AE800426180 /* FindNumbersWithEvenNumberOfDigits.swift */,
				04541E002CB3EF8700426180 /* DetermineIfTwoStringsAreClose.swift */,
				04541DFA2CB3E6D700426180 /* UniqueNumberOfOccurences.swift */,
				04541DF42CB3E2E700426180 /* FindDifference.swift */,
				04A781712CB3047A00A42023 /* PlusOne.swift */,
				04A7816C2CB3032F00A42023 /* NumberOfLines.swift */,
				04E8C0002CB2E55700E58205 /* StringCompression.swift */,
				04A7815A2CB27B3A00A42023 /* ReverseVowels.swift */,
				04A781602CB29DA400A42023 /* ProductExceptSelf.swift */,
				04A781652CB29FD000A42023 /* IncreasingTriplet.swift */,
				04A781762CB3062B00A42023 /* SearchInsertPosition.swift */,
				04541E082CB4088000426180 /* MaxConsecutiveOnes.swift */,
				04541E192CB4101D00426180 /* MergeStringsAlternately.swift */,
				04CE27712CB5913C00B20026 /* CanPlaceFlowers.swift */,
			);
			path = Leetcode;
			sourceTree = "<group>";
		};
		04E8BFEA2CB2793300E58205 /* LeetcodeTests */ = {
			isa = PBXGroup;
			children = (
				04A7815C2CB27B6A00A42023 /* ReverseVowelsTests.swift */,
				04A781672CB2D3A200A42023 /* IncreasingTripletTests.swift */,
				04A781632CB29DEC00A42023 /* ProductExceptSelfTests.swift */,
				04E8BFFF2CB27ADE00E58205 /* Leetcode.xctestplan */,
				04E8C0032CB2E56100E58205 /* StringCompressionTests.swift */,
				04A7816F2CB3036800A42023 /* NumberOfLinesTests.swift */,
				04A781742CB304A800A42023 /* PlusOneTests.swift */,
				04A781792CB3063A00A42023 /* SearchInsertPositionTests.swift */,
				04541DF72CB3E30B00426180 /* FindDifferenceTests.swift */,
				04541DFD2CB3E6FF00426180 /* UniqueNumberOfOccurencesTests.swift */,
				04541E032CB3F07100426180 /* DetermineIfTwoStringsAreCloseTests.swift */,
				04541E0B2CB4090700426180 /* MaxConsecutiveOnesTests.swift */,
				04541E112CB40AF000426180 /* FindNumbersWithEvenNumberOfDigitsTests.swift */,
				04541E162CB40BFB00426180 /* AddDigitsTests.swift */,
				04541E1C2CB4102A00426180 /* MergeStringsAlternatelyTests.swift */,
				04541E202CB414A900426180 /* CheckIfTheSentenceIsPangramTests.swift */,
				04541E252CB416A900426180 /* MinimumNumberGameTests.swift */,
				04541E2B2CB428DE00426180 /* EqualRowAndColumnPairsTests.swift */,
				04CE27612CB56C0E00B20026 /* MoveZeroesTests.swift */,
				04CE27662CB5732200B20026 /* IsSubsequenceTests.swift */,
				04CE276B2CB580C400B20026 /* ContainerWithMostWaterTests.swift */,
				04CE27742CB591F400B20026 /* CanPlaceFlowersTests.swift */,
			);
			path = LeetcodeTests;
			sourceTree = "<group>";
		};
/* End PBXGroup section */

/* Begin PBXNativeTarget section */
		04E8BFDA2CB2791B00E58205 /* Leetcode */ = {
			isa = PBXNativeTarget;
			buildConfigurationList = 04E8BFE22CB2791B00E58205 /* Build configuration list for PBXNativeTarget "Leetcode" */;
			buildPhases = (
				04E8BFD72CB2791B00E58205 /* Sources */,
				04E8BFD82CB2791B00E58205 /* Frameworks */,
				04E8BFD92CB2791B00E58205 /* CopyFiles */,
				04E8BFFC2CB27A2C00E58205 /* Embed Frameworks */,
			);
			buildRules = (
			);
			dependencies = (
			);
			name = Leetcode;
			productName = Leetcode;
			productReference = 04E8BFDB2CB2791B00E58205 /* Leetcode */;
			productType = "com.apple.product-type.tool";
		};
		04E8BFE82CB2793300E58205 /* LeetcodeTests */ = {
			isa = PBXNativeTarget;
			buildConfigurationList = 04E8BFED2CB2793300E58205 /* Build configuration list for PBXNativeTarget "LeetcodeTests" */;
			buildPhases = (
				04E8BFE52CB2793300E58205 /* Sources */,
				04E8BFE62CB2793300E58205 /* Frameworks */,
				04E8BFE72CB2793300E58205 /* Resources */,
			);
			buildRules = (
			);
			dependencies = (
			);
			name = LeetcodeTests;
			productName = LeetcodeTests;
			productReference = 04E8BFE92CB2793300E58205 /* LeetcodeTests.xctest */;
			productType = "com.apple.product-type.bundle.unit-test";
		};
/* End PBXNativeTarget section */

/* Begin PBXProject section */
		04E8BFD32CB2791B00E58205 /* Project object */ = {
			isa = PBXProject;
			attributes = {
				BuildIndependentTargetsInParallel = 1;
				LastSwiftUpdateCheck = 1540;
				LastUpgradeCheck = 1540;
				TargetAttributes = {
					04E8BFDA2CB2791B00E58205 = {
						CreatedOnToolsVersion = 15.4;
					};
					04E8BFE82CB2793300E58205 = {
						CreatedOnToolsVersion = 15.4;
					};
				};
			};
			buildConfigurationList = 04E8BFD62CB2791B00E58205 /* Build configuration list for PBXProject "Leetcode" */;
			compatibilityVersion = "Xcode 14.0";
			developmentRegion = en;
			hasScannedForEncodings = 0;
			knownRegions = (
				en,
				Base,
			);
			mainGroup = 04E8BFD22CB2791B00E58205;
			productRefGroup = 04E8BFDC2CB2791B00E58205 /* Products */;
			projectDirPath = "";
			projectRoot = "";
			targets = (
				04E8BFDA2CB2791B00E58205 /* Leetcode */,
				04E8BFE82CB2793300E58205 /* LeetcodeTests */,
			);
		};
/* End PBXProject section */

/* Begin PBXResourcesBuildPhase section */
		04E8BFE72CB2793300E58205 /* Resources */ = {
			isa = PBXResourcesBuildPhase;
			buildActionMask = 2147483647;
			files = (
			);
			runOnlyForDeploymentPostprocessing = 0;
		};
/* End PBXResourcesBuildPhase section */

/* Begin PBXSourcesBuildPhase section */
		04E8BFD72CB2791B00E58205 /* Sources */ = {
			isa = PBXSourcesBuildPhase;
			buildActionMask = 2147483647;
			files = (
				04CE27692CB5809900B20026 /* ContainerWithMostWater.swift in Sources */,
				04541DFB2CB3E6D700426180 /* UniqueNumberOfOccurences.swift in Sources */,
				04A781772CB3062B00A42023 /* SearchInsertPosition.swift in Sources */,
				04541E092CB4088000426180 /* MaxConsecutiveOnes.swift in Sources */,
				04541E1F2CB4149600426180 /* CheckIfTheSentenceIsPangram.swift in Sources */,
				04CE27722CB5913C00B20026 /* CanPlaceFlowers.swift in Sources */,
				04541E1A2CB4101D00426180 /* MergeStringsAlternately.swift in Sources */,
				04A7815B2CB27B3A00A42023 /* ReverseVowels.swift in Sources */,
				04E8C0012CB2E55700E58205 /* StringCompression.swift in Sources */,
				04541E292CB428D700426180 /* EqualRowAndColumnPairs.swift in Sources */,
				04A781662CB29FD000A42023 /* IncreasingTriplet.swift in Sources */,
				04541DF52CB3E2E700426180 /* FindDifference.swift in Sources */,
				04A781612CB29DA400A42023 /* ProductExceptSelf.swift in Sources */,
				04541E072CB3F64E00426180 /* DetermineIfTwoStringsAreClose.swift in Sources */,
				04541E142CB40BF500426180 /* AddDigits.swift in Sources */,
				04CE27642CB5731A00B20026 /* IsSubsequence.swift in Sources */,
				04E8BFDF2CB2791B00E58205 /* main.swift in Sources */,
				04CE275F2CB56B6700B20026 /* MoveZeroes.swift in Sources */,
				04A781722CB3047A00A42023 /* PlusOne.swift in Sources */,
				04541E242CB4169D00426180 /* MinimumNumberGame.swift in Sources */,
				04541E0F2CB40AE800426180 /* FindNumbersWithEvenNumberOfDigits.swift in Sources */,
				04A7816D2CB3032F00A42023 /* NumberOfLines.swift in Sources */,
			);
			runOnlyForDeploymentPostprocessing = 0;
		};
		04E8BFE52CB2793300E58205 /* Sources */ = {
			isa = PBXSourcesBuildPhase;
			buildActionMask = 2147483647;
			files = (
				04A7817A2CB3063A00A42023 /* SearchInsertPositionTests.swift in Sources */,
				04CE276D2CB580C400B20026 /* ContainerWithMostWaterTests.swift in Sources */,
				04541DFF2CB3E6FF00426180 /* UniqueNumberOfOccurencesTests.swift in Sources */,
				04CE27602CB56B6A00B20026 /* MoveZeroes.swift in Sources */,
				04CE27672CB5732200B20026 /* IsSubsequenceTests.swift in Sources */,
				04E8C0042CB2E56100E58205 /* StringCompressionTests.swift in Sources */,
				04541DFC2CB3E6D700426180 /* UniqueNumberOfOccurences.swift in Sources */,
				04A781782CB3062D00A42023 /* SearchInsertPosition.swift in Sources */,
				04A781702CB3036800A42023 /* NumberOfLinesTests.swift in Sources */,
				04A7816A2CB2D40700A42023 /* IncreasingTripletTests.swift in Sources */,
				04541E1B2CB4101D00426180 /* MergeStringsAlternately.swift in Sources */,
				04541E272CB416AB00426180 /* MinimumNumberGame.swift in Sources */,
				04541E2D2CB428DE00426180 /* EqualRowAndColumnPairsTests.swift in Sources */,
				04CE27752CB591F400B20026 /* CanPlaceFlowersTests.swift in Sources */,
				04CE276A2CB5809900B20026 /* ContainerWithMostWater.swift in Sources */,
				04541E222CB4152D00426180 /* CheckIfTheSentenceIsPangram.swift in Sources */,
				04541E262CB416A900426180 /* MinimumNumberGameTests.swift in Sources */,
				04A781642CB29DEC00A42023 /* ProductExceptSelfTests.swift in Sources */,
				04CE27732CB5913C00B20026 /* CanPlaceFlowers.swift in Sources */,
				04541E062CB3F64A00426180 /* main.swift in Sources */,
				04E8C0022CB2E55A00E58205 /* StringCompression.swift in Sources */,
				04A7816E2CB3033200A42023 /* NumberOfLines.swift in Sources */,
				04541E2A2CB428D700426180 /* EqualRowAndColumnPairs.swift in Sources */,
				04541E102CB40AE800426180 /* FindNumbersWithEvenNumberOfDigits.swift in Sources */,
				04541E1D2CB4102A00426180 /* MergeStringsAlternatelyTests.swift in Sources */,
				04541E122CB40AF000426180 /* FindNumbersWithEvenNumberOfDigitsTests.swift in Sources */,
				04541E152CB40BF500426180 /* AddDigits.swift in Sources */,
				04CE27622CB56C0E00B20026 /* MoveZeroesTests.swift in Sources */,
				04CE27652CB5731A00B20026 /* IsSubsequence.swift in Sources */,
				04A7816B2CB2D40C00A42023 /* IncreasingTriplet.swift in Sources */,
				04541E182CB40BFB00426180 /* AddDigitsTests.swift in Sources */,
				04541E022CB3EF8700426180 /* DetermineIfTwoStringsAreClose.swift in Sources */,
				04A7815D2CB27B6A00A42023 /* ReverseVowelsTests.swift in Sources */,
				04541DF62CB3E2E700426180 /* FindDifference.swift in Sources */,
				04541E0D2CB4090700426180 /* MaxConsecutiveOnesTests.swift in Sources */,
				04A781622CB29DAA00A42023 /* ProductExceptSelf.swift in Sources */,
				04A781732CB3048000A42023 /* PlusOne.swift in Sources */,
				04541DF92CB3E30B00426180 /* FindDifferenceTests.swift in Sources */,
				04541E0A2CB4088000426180 /* MaxConsecutiveOnes.swift in Sources */,
				04541E052CB3F07100426180 /* DetermineIfTwoStringsAreCloseTests.swift in Sources */,
				04A781752CB304A800A42023 /* PlusOneTests.swift in Sources */,
				04A7815F2CB27B8200A42023 /* ReverseVowels.swift in Sources */,
				04541E212CB414A900426180 /* CheckIfTheSentenceIsPangramTests.swift in Sources */,
			);
			runOnlyForDeploymentPostprocessing = 0;
		};
/* End PBXSourcesBuildPhase section */

/* Begin XCBuildConfiguration section */
		04E8BFE02CB2791B00E58205 /* Debug */ = {
			isa = XCBuildConfiguration;
			buildSettings = {
				ALWAYS_SEARCH_USER_PATHS = NO;
				ASSETCATALOG_COMPILER_GENERATE_SWIFT_ASSET_SYMBOL_EXTENSIONS = YES;
				CLANG_ANALYZER_NONNULL = YES;
				CLANG_ANALYZER_NUMBER_OBJECT_CONVERSION = YES_AGGRESSIVE;
				CLANG_CXX_LANGUAGE_STANDARD = "gnu++20";
				CLANG_ENABLE_MODULES = YES;
				CLANG_ENABLE_OBJC_ARC = YES;
				CLANG_ENABLE_OBJC_WEAK = YES;
				CLANG_WARN_BLOCK_CAPTURE_AUTORELEASING = YES;
				CLANG_WARN_BOOL_CONVERSION = YES;
				CLANG_WARN_COMMA = YES;
				CLANG_WARN_CONSTANT_CONVERSION = YES;
				CLANG_WARN_DEPRECATED_OBJC_IMPLEMENTATIONS = YES;
				CLANG_WARN_DIRECT_OBJC_ISA_USAGE = YES_ERROR;
				CLANG_WARN_DOCUMENTATION_COMMENTS = YES;
				CLANG_WARN_EMPTY_BODY = YES;
				CLANG_WARN_ENUM_CONVERSION = YES;
				CLANG_WARN_INFINITE_RECURSION = YES;
				CLANG_WARN_INT_CONVERSION = YES;
				CLANG_WARN_NON_LITERAL_NULL_CONVERSION = YES;
				CLANG_WARN_OBJC_IMPLICIT_RETAIN_SELF = YES;
				CLANG_WARN_OBJC_LITERAL_CONVERSION = YES;
				CLANG_WARN_OBJC_ROOT_CLASS = YES_ERROR;
				CLANG_WARN_QUOTED_INCLUDE_IN_FRAMEWORK_HEADER = YES;
				CLANG_WARN_RANGE_LOOP_ANALYSIS = YES;
				CLANG_WARN_STRICT_PROTOTYPES = YES;
				CLANG_WARN_SUSPICIOUS_MOVE = YES;
				CLANG_WARN_UNGUARDED_AVAILABILITY = YES_AGGRESSIVE;
				CLANG_WARN_UNREACHABLE_CODE = YES;
				CLANG_WARN__DUPLICATE_METHOD_MATCH = YES;
				COPY_PHASE_STRIP = NO;
				DEBUG_INFORMATION_FORMAT = dwarf;
				ENABLE_STRICT_OBJC_MSGSEND = YES;
				ENABLE_TESTABILITY = YES;
				ENABLE_USER_SCRIPT_SANDBOXING = YES;
				GCC_C_LANGUAGE_STANDARD = gnu17;
				GCC_DYNAMIC_NO_PIC = NO;
				GCC_NO_COMMON_BLOCKS = YES;
				GCC_OPTIMIZATION_LEVEL = 0;
				GCC_PREPROCESSOR_DEFINITIONS = (
					"DEBUG=1",
					"$(inherited)",
				);
				GCC_WARN_64_TO_32_BIT_CONVERSION = YES;
				GCC_WARN_ABOUT_RETURN_TYPE = YES_ERROR;
				GCC_WARN_UNDECLARED_SELECTOR = YES;
				GCC_WARN_UNINITIALIZED_AUTOS = YES_AGGRESSIVE;
				GCC_WARN_UNUSED_FUNCTION = YES;
				GCC_WARN_UNUSED_VARIABLE = YES;
				LOCALIZATION_PREFERS_STRING_CATALOGS = YES;
				MACOSX_DEPLOYMENT_TARGET = 14.5;
				MTL_ENABLE_DEBUG_INFO = INCLUDE_SOURCE;
				MTL_FAST_MATH = YES;
				ONLY_ACTIVE_ARCH = YES;
				SDKROOT = macosx;
				SWIFT_ACTIVE_COMPILATION_CONDITIONS = "DEBUG $(inherited)";
				SWIFT_OPTIMIZATION_LEVEL = "-Onone";
			};
			name = Debug;
		};
		04E8BFE12CB2791B00E58205 /* Release */ = {
			isa = XCBuildConfiguration;
			buildSettings = {
				ALWAYS_SEARCH_USER_PATHS = NO;
				ASSETCATALOG_COMPILER_GENERATE_SWIFT_ASSET_SYMBOL_EXTENSIONS = YES;
				CLANG_ANALYZER_NONNULL = YES;
				CLANG_ANALYZER_NUMBER_OBJECT_CONVERSION = YES_AGGRESSIVE;
				CLANG_CXX_LANGUAGE_STANDARD = "gnu++20";
				CLANG_ENABLE_MODULES = YES;
				CLANG_ENABLE_OBJC_ARC = YES;
				CLANG_ENABLE_OBJC_WEAK = YES;
				CLANG_WARN_BLOCK_CAPTURE_AUTORELEASING = YES;
				CLANG_WARN_BOOL_CONVERSION = YES;
				CLANG_WARN_COMMA = YES;
				CLANG_WARN_CONSTANT_CONVERSION = YES;
				CLANG_WARN_DEPRECATED_OBJC_IMPLEMENTATIONS = YES;
				CLANG_WARN_DIRECT_OBJC_ISA_USAGE = YES_ERROR;
				CLANG_WARN_DOCUMENTATION_COMMENTS = YES;
				CLANG_WARN_EMPTY_BODY = YES;
				CLANG_WARN_ENUM_CONVERSION = YES;
				CLANG_WARN_INFINITE_RECURSION = YES;
				CLANG_WARN_INT_CONVERSION = YES;
				CLANG_WARN_NON_LITERAL_NULL_CONVERSION = YES;
				CLANG_WARN_OBJC_IMPLICIT_RETAIN_SELF = YES;
				CLANG_WARN_OBJC_LITERAL_CONVERSION = YES;
				CLANG_WARN_OBJC_ROOT_CLASS = YES_ERROR;
				CLANG_WARN_QUOTED_INCLUDE_IN_FRAMEWORK_HEADER = YES;
				CLANG_WARN_RANGE_LOOP_ANALYSIS = YES;
				CLANG_WARN_STRICT_PROTOTYPES = YES;
				CLANG_WARN_SUSPICIOUS_MOVE = YES;
				CLANG_WARN_UNGUARDED_AVAILABILITY = YES_AGGRESSIVE;
				CLANG_WARN_UNREACHABLE_CODE = YES;
				CLANG_WARN__DUPLICATE_METHOD_MATCH = YES;
				COPY_PHASE_STRIP = NO;
				DEBUG_INFORMATION_FORMAT = "dwarf-with-dsym";
				ENABLE_NS_ASSERTIONS = NO;
				ENABLE_STRICT_OBJC_MSGSEND = YES;
				ENABLE_USER_SCRIPT_SANDBOXING = YES;
				GCC_C_LANGUAGE_STANDARD = gnu17;
				GCC_NO_COMMON_BLOCKS = YES;
				GCC_WARN_64_TO_32_BIT_CONVERSION = YES;
				GCC_WARN_ABOUT_RETURN_TYPE = YES_ERROR;
				GCC_WARN_UNDECLARED_SELECTOR = YES;
				GCC_WARN_UNINITIALIZED_AUTOS = YES_AGGRESSIVE;
				GCC_WARN_UNUSED_FUNCTION = YES;
				GCC_WARN_UNUSED_VARIABLE = YES;
				LOCALIZATION_PREFERS_STRING_CATALOGS = YES;
				MACOSX_DEPLOYMENT_TARGET = 14.5;
				MTL_ENABLE_DEBUG_INFO = NO;
				MTL_FAST_MATH = YES;
				SDKROOT = macosx;
				SWIFT_COMPILATION_MODE = wholemodule;
			};
			name = Release;
		};
		04E8BFE32CB2791B00E58205 /* Debug */ = {
			isa = XCBuildConfiguration;
			buildSettings = {
				CODE_SIGN_STYLE = Automatic;
				DEVELOPMENT_TEAM = 2UV3UVQ6CK;
				ENABLE_HARDENED_RUNTIME = YES;
				MACOSX_DEPLOYMENT_TARGET = 14.2;
				PRODUCT_NAME = "$(TARGET_NAME)";
				SWIFT_VERSION = 5.0;
			};
			name = Debug;
		};
		04E8BFE42CB2791B00E58205 /* Release */ = {
			isa = XCBuildConfiguration;
			buildSettings = {
				CODE_SIGN_STYLE = Automatic;
				DEVELOPMENT_TEAM = 2UV3UVQ6CK;
				ENABLE_HARDENED_RUNTIME = YES;
				MACOSX_DEPLOYMENT_TARGET = 14.2;
				PRODUCT_NAME = "$(TARGET_NAME)";
				SWIFT_VERSION = 5.0;
			};
			name = Release;
		};
		04E8BFEE2CB2793300E58205 /* Debug */ = {
			isa = XCBuildConfiguration;
			buildSettings = {
				CODE_SIGN_STYLE = Automatic;
				CURRENT_PROJECT_VERSION = 1;
				DEVELOPMENT_TEAM = 2UV3UVQ6CK;
				GENERATE_INFOPLIST_FILE = YES;
				MACOSX_DEPLOYMENT_TARGET = 14.2;
				MARKETING_VERSION = 1.0;
				PRODUCT_BUNDLE_IDENTIFIER = valery.kavaleuski.bc7d4182e33caa7e.LeetcodeTests;
				PRODUCT_NAME = "$(TARGET_NAME)";
				SWIFT_EMIT_LOC_STRINGS = NO;
				SWIFT_VERSION = 5.0;
			};
			name = Debug;
		};
		04E8BFEF2CB2793300E58205 /* Release */ = {
			isa = XCBuildConfiguration;
			buildSettings = {
				CODE_SIGN_STYLE = Automatic;
				CURRENT_PROJECT_VERSION = 1;
				DEVELOPMENT_TEAM = 2UV3UVQ6CK;
				GENERATE_INFOPLIST_FILE = YES;
				MACOSX_DEPLOYMENT_TARGET = 14.2;
				MARKETING_VERSION = 1.0;
				PRODUCT_BUNDLE_IDENTIFIER = valery.kavaleuski.bc7d4182e33caa7e.LeetcodeTests;
				PRODUCT_NAME = "$(TARGET_NAME)";
				SWIFT_EMIT_LOC_STRINGS = NO;
				SWIFT_VERSION = 5.0;
			};
			name = Release;
		};
/* End XCBuildConfiguration section */

/* Begin XCConfigurationList section */
		04E8BFD62CB2791B00E58205 /* Build configuration list for PBXProject "Leetcode" */ = {
			isa = XCConfigurationList;
			buildConfigurations = (
				04E8BFE02CB2791B00E58205 /* Debug */,
				04E8BFE12CB2791B00E58205 /* Release */,
			);
			defaultConfigurationIsVisible = 0;
			defaultConfigurationName = Release;
		};
		04E8BFE22CB2791B00E58205 /* Build configuration list for PBXNativeTarget "Leetcode" */ = {
			isa = XCConfigurationList;
			buildConfigurations = (
				04E8BFE32CB2791B00E58205 /* Debug */,
				04E8BFE42CB2791B00E58205 /* Release */,
			);
			defaultConfigurationIsVisible = 0;
			defaultConfigurationName = Release;
		};
		04E8BFED2CB2793300E58205 /* Build configuration list for PBXNativeTarget "LeetcodeTests" */ = {
			isa = XCConfigurationList;
			buildConfigurations = (
				04E8BFEE2CB2793300E58205 /* Debug */,
				04E8BFEF2CB2793300E58205 /* Release */,
			);
			defaultConfigurationIsVisible = 0;
			defaultConfigurationName = Release;
		};
/* End XCConfigurationList section */
	};
	rootObject = 04E8BFD32CB2791B00E58205 /* Project object */;
}
